// !$*UTF8*$!
{
	archiveVersion = 1;
	classes = {
	};
	objectVersion = 46;
	objects = {

/* Begin PBXBuildFile section */
		901A081C1F20E32F009488C1 /* DailyMainViewController.m in Sources */ = {isa = PBXBuildFile; fileRef = 901A081B1F20E32F009488C1 /* DailyMainViewController.m */; };
		901A081F1F20E366009488C1 /* EquipmentMainViewController.m in Sources */ = {isa = PBXBuildFile; fileRef = 901A081E1F20E366009488C1 /* EquipmentMainViewController.m */; };
		901A08261F20E3AA009488C1 /* HomeMainViewController.m in Sources */ = {isa = PBXBuildFile; fileRef = 901A08231F20E3AA009488C1 /* HomeMainViewController.m */; };
		90272BDF1F224382000B1DC0 /* TAAbstractDotView.m in Sources */ = {isa = PBXBuildFile; fileRef = 90272BD21F224382000B1DC0 /* TAAbstractDotView.m */; };
		90272BE01F224382000B1DC0 /* TAAnimatedDotView.m in Sources */ = {isa = PBXBuildFile; fileRef = 90272BD41F224382000B1DC0 /* TAAnimatedDotView.m */; };
		90272BE11F224382000B1DC0 /* TADotView.m in Sources */ = {isa = PBXBuildFile; fileRef = 90272BD61F224382000B1DC0 /* TADotView.m */; };
		90272BE21F224382000B1DC0 /* TAPageControl.m in Sources */ = {isa = PBXBuildFile; fileRef = 90272BD81F224382000B1DC0 /* TAPageControl.m */; };
		90272BE31F224382000B1DC0 /* SDCollectionViewCell.m in Sources */ = {isa = PBXBuildFile; fileRef = 90272BDA1F224382000B1DC0 /* SDCollectionViewCell.m */; };
		90272BE41F224382000B1DC0 /* SDCycleScrollView.m in Sources */ = {isa = PBXBuildFile; fileRef = 90272BDC1F224382000B1DC0 /* SDCycleScrollView.m */; };
		90272BE51F224382000B1DC0 /* UIView+SDExtension.m in Sources */ = {isa = PBXBuildFile; fileRef = 90272BDE1F224382000B1DC0 /* UIView+SDExtension.m */; };
		90272BE81F2246AE000B1DC0 /* PublicWebViewController.m in Sources */ = {isa = PBXBuildFile; fileRef = 90272BE71F2246AE000B1DC0 /* PublicWebViewController.m */; };
		90272BEB1F224833000B1DC0 /* HomeModel.m in Sources */ = {isa = PBXBuildFile; fileRef = 90272BEA1F224833000B1DC0 /* HomeModel.m */; };
		90A2EC661F208F68008088C4 /* UIImageLabel.m in Sources */ = {isa = PBXBuildFile; fileRef = 90A2EC651F208F68008088C4 /* UIImageLabel.m */; };
		90A2EC691F209C43008088C4 /* FirstLaunchView.m in Sources */ = {isa = PBXBuildFile; fileRef = 90A2EC681F209C43008088C4 /* FirstLaunchView.m */; };
		90A2EC6D1F209E98008088C4 /* main_back@2x.png in Resources */ = {isa = PBXBuildFile; fileRef = 90A2EC6B1F209E98008088C4 /* main_back@2x.png */; };
		90A2EC6E1F209E98008088C4 /* main_back_white@2x.png in Resources */ = {isa = PBXBuildFile; fileRef = 90A2EC6C1F209E98008088C4 /* main_back_white@2x.png */; };
		90CF071D1F1F2BFC008106D2 /* main.m in Sources */ = {isa = PBXBuildFile; fileRef = 90CF071C1F1F2BFC008106D2 /* main.m */; };
		90CF07201F1F2BFC008106D2 /* AppDelegate.m in Sources */ = {isa = PBXBuildFile; fileRef = 90CF071F1F1F2BFC008106D2 /* AppDelegate.m */; };
		90CF07281F1F2BFC008106D2 /* Assets.xcassets in Resources */ = {isa = PBXBuildFile; fileRef = 90CF07271F1F2BFC008106D2 /* Assets.xcassets */; };
		90CF072B1F1F2BFC008106D2 /* LaunchScreen.storyboard in Resources */ = {isa = PBXBuildFile; fileRef = 90CF07291F1F2BFC008106D2 /* LaunchScreen.storyboard */; };
		90CF073C1F1F2FAE008106D2 /* BaseViewController.m in Sources */ = {isa = PBXBuildFile; fileRef = 90CF073B1F1F2FAE008106D2 /* BaseViewController.m */; };
		90CF073F1F1F304C008106D2 /* BaseNavigationViewController.m in Sources */ = {isa = PBXBuildFile; fileRef = 90CF073E1F1F304C008106D2 /* BaseNavigationViewController.m */; };
		90CF07421F1F3078008106D2 /* RootTabBarViewController.m in Sources */ = {isa = PBXBuildFile; fileRef = 90CF07411F1F3078008106D2 /* RootTabBarViewController.m */; };
		90CF074E1F1F313F008106D2 /* MeMainViewController.m in Sources */ = {isa = PBXBuildFile; fileRef = 90CF074D1F1F313F008106D2 /* MeMainViewController.m */; };
		90CF07581F1F3300008106D2 /* BaseAFNRequest.m in Sources */ = {isa = PBXBuildFile; fileRef = 90CF07551F1F3300008106D2 /* BaseAFNRequest.m */; };
		90CF07591F1F3300008106D2 /* BaseReachability.m in Sources */ = {isa = PBXBuildFile; fileRef = 90CF07571F1F3300008106D2 /* BaseReachability.m */; };
		90CF07801F1F3464008106D2 /* NSDate+Category.m in Sources */ = {isa = PBXBuildFile; fileRef = 90CF075E1F1F3464008106D2 /* NSDate+Category.m */; };
		90CF07811F1F3464008106D2 /* NSDateFormatter+Category.m in Sources */ = {isa = PBXBuildFile; fileRef = 90CF07601F1F3464008106D2 /* NSDateFormatter+Category.m */; };
		90CF07821F1F3464008106D2 /* NSDictionary+Extension.m in Sources */ = {isa = PBXBuildFile; fileRef = 90CF07621F1F3464008106D2 /* NSDictionary+Extension.m */; };
		90CF07831F1F3464008106D2 /* NSDictionary+XHLogHelper.m in Sources */ = {isa = PBXBuildFile; fileRef = 90CF07641F1F3464008106D2 /* NSDictionary+XHLogHelper.m */; };
		90CF07841F1F3464008106D2 /* NSString+Date.m in Sources */ = {isa = PBXBuildFile; fileRef = 90CF07661F1F3464008106D2 /* NSString+Date.m */; };
		90CF07851F1F3464008106D2 /* NSString+Extension.m in Sources */ = {isa = PBXBuildFile; fileRef = 90CF07681F1F3464008106D2 /* NSString+Extension.m */; };
		90CF07861F1F3464008106D2 /* UIBarButtonItem+Extension.m in Sources */ = {isa = PBXBuildFile; fileRef = 90CF076B1F1F3464008106D2 /* UIBarButtonItem+Extension.m */; };
		90CF07871F1F3464008106D2 /* UIColor+Extension.m in Sources */ = {isa = PBXBuildFile; fileRef = 90CF076D1F1F3464008106D2 /* UIColor+Extension.m */; };
		90CF07881F1F3464008106D2 /* UIImage+Extension.m in Sources */ = {isa = PBXBuildFile; fileRef = 90CF076F1F1F3464008106D2 /* UIImage+Extension.m */; };
		90CF07891F1F3464008106D2 /* UIResponder+FirstResponder.m in Sources */ = {isa = PBXBuildFile; fileRef = 90CF07711F1F3464008106D2 /* UIResponder+FirstResponder.m */; };
		90CF078A1F1F3464008106D2 /* UITabBar+badge.m in Sources */ = {isa = PBXBuildFile; fileRef = 90CF07731F1F3464008106D2 /* UITabBar+badge.m */; };
		90CF078B1F1F3464008106D2 /* UITableView+Extension.m in Sources */ = {isa = PBXBuildFile; fileRef = 90CF07751F1F3464008106D2 /* UITableView+Extension.m */; };
		90CF078C1F1F3464008106D2 /* UITextView+placeholder.m in Sources */ = {isa = PBXBuildFile; fileRef = 90CF07771F1F3464008106D2 /* UITextView+placeholder.m */; };
		90CF078D1F1F3464008106D2 /* UIView+Border.m in Sources */ = {isa = PBXBuildFile; fileRef = 90CF07791F1F3464008106D2 /* UIView+Border.m */; };
		90CF078E1F1F3464008106D2 /* UIView+Extension.m in Sources */ = {isa = PBXBuildFile; fileRef = 90CF077B1F1F3464008106D2 /* UIView+Extension.m */; };
		90CF078F1F1F3464008106D2 /* UIViewController+Swizzling.m in Sources */ = {isa = PBXBuildFile; fileRef = 90CF077D1F1F3464008106D2 /* UIViewController+Swizzling.m */; };
		90CF07941F1F35B1008106D2 /* BaseLaunchConfig.m in Sources */ = {isa = PBXBuildFile; fileRef = 90CF07931F1F35B1008106D2 /* BaseLaunchConfig.m */; };
		90CF079B1F1F363F008106D2 /* LoginViewController.m in Sources */ = {isa = PBXBuildFile; fileRef = 90CF079A1F1F363F008106D2 /* LoginViewController.m */; };
		90CF079E1F1F375B008106D2 /* BaseHelper.m in Sources */ = {isa = PBXBuildFile; fileRef = 90CF079D1F1F375B008106D2 /* BaseHelper.m */; };
		90CF07A21F1F38D5008106D2 /* SJAvatarBrowser.m in Sources */ = {isa = PBXBuildFile; fileRef = 90CF07A11F1F38D5008106D2 /* SJAvatarBrowser.m */; };
		90CF07A51F1F38F5008106D2 /* BaseCacheHelper.m in Sources */ = {isa = PBXBuildFile; fileRef = 90CF07A41F1F38F5008106D2 /* BaseCacheHelper.m */; };
		90CF07A91F1F3955008106D2 /* StatusBarOverlay.m in Sources */ = {isa = PBXBuildFile; fileRef = 90CF07A81F1F3955008106D2 /* StatusBarOverlay.m */; };
		90CF07AC1F1F3985008106D2 /* PersonInfo.m in Sources */ = {isa = PBXBuildFile; fileRef = 90CF07AB1F1F3985008106D2 /* PersonInfo.m */; };
		90CF07AF1F1F3B14008106D2 /* LoadingViewController.m in Sources */ = {isa = PBXBuildFile; fileRef = 90CF07AE1F1F3B14008106D2 /* LoadingViewController.m */; };
		90CF07B31F1F3BAB008106D2 /* LoginManager.m in Sources */ = {isa = PBXBuildFile; fileRef = 90CF07B21F1F3BAB008106D2 /* LoginManager.m */; };
		A810BF471F25ECEB00B5F2D2 /* EnergyManagementViewController.m in Sources */ = {isa = PBXBuildFile; fileRef = A810BF451F25ECEB00B5F2D2 /* EnergyManagementViewController.m */; };
		A810BF4B1F25EDB400B5F2D2 /* BaseTableViewController.m in Sources */ = {isa = PBXBuildFile; fileRef = A810BF4A1F25EDB400B5F2D2 /* BaseTableViewController.m */; };
		A810BF4E1F25EDF700B5F2D2 /* LoadDetectionViewController.m in Sources */ = {isa = PBXBuildFile; fileRef = A810BF4D1F25EDF700B5F2D2 /* LoadDetectionViewController.m */; };
		A810BF511F25EE3900B5F2D2 /* EnergyConsumptionStatisticsViewController.m in Sources */ = {isa = PBXBuildFile; fileRef = A810BF501F25EE3900B5F2D2 /* EnergyConsumptionStatisticsViewController.m */; };
		A810BF541F25F43F00B5F2D2 /* YYSegmentedView.m in Sources */ = {isa = PBXBuildFile; fileRef = A810BF531F25F43F00B5F2D2 /* YYSegmentedView.m */; };
		A810BF581F25F49300B5F2D2 /* YYSegmentedCollectionCell.m in Sources */ = {isa = PBXBuildFile; fileRef = A810BF561F25F49300B5F2D2 /* YYSegmentedCollectionCell.m */; };
		A810BF591F25F49300B5F2D2 /* YYSegmentedCollectionCell.xib in Resources */ = {isa = PBXBuildFile; fileRef = A810BF571F25F49300B5F2D2 /* YYSegmentedCollectionCell.xib */; };
		A810BF5C1F26043F00B5F2D2 /* LoadDatectionHeaderView.m in Sources */ = {isa = PBXBuildFile; fileRef = A810BF5B1F26043F00B5F2D2 /* LoadDatectionHeaderView.m */; };
		A810BF5E1F26051800B5F2D2 /* LoadDatectionHeaderView.xib in Resources */ = {isa = PBXBuildFile; fileRef = A810BF5D1F26051800B5F2D2 /* LoadDatectionHeaderView.xib */; };
		A810BF621F260A1400B5F2D2 /* LoadDatectionCell.m in Sources */ = {isa = PBXBuildFile; fileRef = A810BF601F260A1400B5F2D2 /* LoadDatectionCell.m */; };
		A810BF631F260A1400B5F2D2 /* LoadDatectionCell.xib in Resources */ = {isa = PBXBuildFile; fileRef = A810BF611F260A1400B5F2D2 /* LoadDatectionCell.xib */; };
		A86694791F248D140097999D /* MBProgressHUD+YY.m in Sources */ = {isa = PBXBuildFile; fileRef = A86694781F248D140097999D /* MBProgressHUD+YY.m */; };
		A89FBFC51F230257001405E8 /* YYCalendarView.m in Sources */ = {isa = PBXBuildFile; fileRef = A89FBFC41F230257001405E8 /* YYCalendarView.m */; };
		A89FBFC71F230280001405E8 /* YYCalendarView.xib in Resources */ = {isa = PBXBuildFile; fileRef = A89FBFC61F230280001405E8 /* YYCalendarView.xib */; };
		A89FBFCB1F23040A001405E8 /* UIButton+Category.m in Sources */ = {isa = PBXBuildFile; fileRef = A89FBFCA1F23040A001405E8 /* UIButton+Category.m */; };
		A89FBFD11F23175A001405E8 /* CalendarViewController.m in Sources */ = {isa = PBXBuildFile; fileRef = A89FBFCF1F23175A001405E8 /* CalendarViewController.m */; };
		A89FBFD51F231A79001405E8 /* YYCalendarModel.m in Sources */ = {isa = PBXBuildFile; fileRef = A89FBFD41F231A79001405E8 /* YYCalendarModel.m */; };
		A89FBFEB1F235D13001405E8 /* YYCalendarCollectionViewCell.m in Sources */ = {isa = PBXBuildFile; fileRef = A89FBFE91F235D13001405E8 /* YYCalendarCollectionViewCell.m */; };
		A89FBFEC1F235D13001405E8 /* YYCalendarCollectionViewCell.xib in Resources */ = {isa = PBXBuildFile; fileRef = A89FBFEA1F235D13001405E8 /* YYCalendarCollectionViewCell.xib */; };
		A8F13A781F20FD8900D04525 /* NSString+YYCategory.m in Sources */ = {isa = PBXBuildFile; fileRef = A8F13A771F20FD8900D04525 /* NSString+YYCategory.m */; };
		BD8C57B76D85A3BD4D84921C /* libPods.a in Frameworks */ = {isa = PBXBuildFile; fileRef = F71F8DB1A9A54FD282B636CD /* libPods.a */; };
/* End PBXBuildFile section */

/* Begin PBXFileReference section */
		1B9BBA670C09FB1001076AA5 /* Pods.release.xcconfig */ = {isa = PBXFileReference; includeInIndex = 1; lastKnownFileType = text.xcconfig; name = Pods.release.xcconfig; path = "Pods/Target Support Files/Pods/Pods.release.xcconfig"; sourceTree = "<group>"; };
		617F75F35450880E537C172C /* Pods.debug.xcconfig */ = {isa = PBXFileReference; includeInIndex = 1; lastKnownFileType = text.xcconfig; name = Pods.debug.xcconfig; path = "Pods/Target Support Files/Pods/Pods.debug.xcconfig"; sourceTree = "<group>"; };
		901A081A1F20E32F009488C1 /* DailyMainViewController.h */ = {isa = PBXFileReference; fileEncoding = 4; lastKnownFileType = sourcecode.c.h; path = DailyMainViewController.h; sourceTree = "<group>"; };
		901A081B1F20E32F009488C1 /* DailyMainViewController.m */ = {isa = PBXFileReference; fileEncoding = 4; lastKnownFileType = sourcecode.c.objc; path = DailyMainViewController.m; sourceTree = "<group>"; };
		901A081D1F20E366009488C1 /* EquipmentMainViewController.h */ = {isa = PBXFileReference; fileEncoding = 4; lastKnownFileType = sourcecode.c.h; path = EquipmentMainViewController.h; sourceTree = "<group>"; };
		901A081E1F20E366009488C1 /* EquipmentMainViewController.m */ = {isa = PBXFileReference; fileEncoding = 4; lastKnownFileType = sourcecode.c.objc; path = EquipmentMainViewController.m; sourceTree = "<group>"; };
		901A08221F20E3AA009488C1 /* HomeMainViewController.h */ = {isa = PBXFileReference; fileEncoding = 4; lastKnownFileType = sourcecode.c.h; path = HomeMainViewController.h; sourceTree = "<group>"; };
		901A08231F20E3AA009488C1 /* HomeMainViewController.m */ = {isa = PBXFileReference; fileEncoding = 4; lastKnownFileType = sourcecode.c.objc; path = HomeMainViewController.m; sourceTree = "<group>"; };
		90272BD11F224382000B1DC0 /* TAAbstractDotView.h */ = {isa = PBXFileReference; fileEncoding = 4; lastKnownFileType = sourcecode.c.h; path = TAAbstractDotView.h; sourceTree = "<group>"; };
		90272BD21F224382000B1DC0 /* TAAbstractDotView.m */ = {isa = PBXFileReference; fileEncoding = 4; lastKnownFileType = sourcecode.c.objc; path = TAAbstractDotView.m; sourceTree = "<group>"; };
		90272BD31F224382000B1DC0 /* TAAnimatedDotView.h */ = {isa = PBXFileReference; fileEncoding = 4; lastKnownFileType = sourcecode.c.h; path = TAAnimatedDotView.h; sourceTree = "<group>"; };
		90272BD41F224382000B1DC0 /* TAAnimatedDotView.m */ = {isa = PBXFileReference; fileEncoding = 4; lastKnownFileType = sourcecode.c.objc; path = TAAnimatedDotView.m; sourceTree = "<group>"; };
		90272BD51F224382000B1DC0 /* TADotView.h */ = {isa = PBXFileReference; fileEncoding = 4; lastKnownFileType = sourcecode.c.h; path = TADotView.h; sourceTree = "<group>"; };
		90272BD61F224382000B1DC0 /* TADotView.m */ = {isa = PBXFileReference; fileEncoding = 4; lastKnownFileType = sourcecode.c.objc; path = TADotView.m; sourceTree = "<group>"; };
		90272BD71F224382000B1DC0 /* TAPageControl.h */ = {isa = PBXFileReference; fileEncoding = 4; lastKnownFileType = sourcecode.c.h; path = TAPageControl.h; sourceTree = "<group>"; };
		90272BD81F224382000B1DC0 /* TAPageControl.m */ = {isa = PBXFileReference; fileEncoding = 4; lastKnownFileType = sourcecode.c.objc; path = TAPageControl.m; sourceTree = "<group>"; };
		90272BD91F224382000B1DC0 /* SDCollectionViewCell.h */ = {isa = PBXFileReference; fileEncoding = 4; lastKnownFileType = sourcecode.c.h; path = SDCollectionViewCell.h; sourceTree = "<group>"; };
		90272BDA1F224382000B1DC0 /* SDCollectionViewCell.m */ = {isa = PBXFileReference; fileEncoding = 4; lastKnownFileType = sourcecode.c.objc; path = SDCollectionViewCell.m; sourceTree = "<group>"; };
		90272BDB1F224382000B1DC0 /* SDCycleScrollView.h */ = {isa = PBXFileReference; fileEncoding = 4; lastKnownFileType = sourcecode.c.h; path = SDCycleScrollView.h; sourceTree = "<group>"; };
		90272BDC1F224382000B1DC0 /* SDCycleScrollView.m */ = {isa = PBXFileReference; fileEncoding = 4; lastKnownFileType = sourcecode.c.objc; path = SDCycleScrollView.m; sourceTree = "<group>"; };
		90272BDD1F224382000B1DC0 /* UIView+SDExtension.h */ = {isa = PBXFileReference; fileEncoding = 4; lastKnownFileType = sourcecode.c.h; path = "UIView+SDExtension.h"; sourceTree = "<group>"; };
		90272BDE1F224382000B1DC0 /* UIView+SDExtension.m */ = {isa = PBXFileReference; fileEncoding = 4; lastKnownFileType = sourcecode.c.objc; path = "UIView+SDExtension.m"; sourceTree = "<group>"; };
		90272BE61F2246AE000B1DC0 /* PublicWebViewController.h */ = {isa = PBXFileReference; fileEncoding = 4; lastKnownFileType = sourcecode.c.h; name = PublicWebViewController.h; path = AnYiYun/Libs/PublicWebViewController.h; sourceTree = SOURCE_ROOT; };
		90272BE71F2246AE000B1DC0 /* PublicWebViewController.m */ = {isa = PBXFileReference; fileEncoding = 4; lastKnownFileType = sourcecode.c.objc; name = PublicWebViewController.m; path = AnYiYun/Libs/PublicWebViewController.m; sourceTree = SOURCE_ROOT; };
		90272BE91F224833000B1DC0 /* HomeModel.h */ = {isa = PBXFileReference; fileEncoding = 4; lastKnownFileType = sourcecode.c.h; path = HomeModel.h; sourceTree = "<group>"; };
		90272BEA1F224833000B1DC0 /* HomeModel.m */ = {isa = PBXFileReference; fileEncoding = 4; lastKnownFileType = sourcecode.c.objc; path = HomeModel.m; sourceTree = "<group>"; };
		90A2EC641F208F68008088C4 /* UIImageLabel.h */ = {isa = PBXFileReference; fileEncoding = 4; lastKnownFileType = sourcecode.c.h; path = UIImageLabel.h; sourceTree = "<group>"; };
		90A2EC651F208F68008088C4 /* UIImageLabel.m */ = {isa = PBXFileReference; fileEncoding = 4; lastKnownFileType = sourcecode.c.objc; path = UIImageLabel.m; sourceTree = "<group>"; };
		90A2EC671F209C43008088C4 /* FirstLaunchView.h */ = {isa = PBXFileReference; fileEncoding = 4; lastKnownFileType = sourcecode.c.h; name = FirstLaunchView.h; path = AnYiYun/Libs/StatusBarOverlay/FirstLaunchView.h; sourceTree = SOURCE_ROOT; };
		90A2EC681F209C43008088C4 /* FirstLaunchView.m */ = {isa = PBXFileReference; fileEncoding = 4; lastKnownFileType = sourcecode.c.objc; name = FirstLaunchView.m; path = AnYiYun/Libs/StatusBarOverlay/FirstLaunchView.m; sourceTree = SOURCE_ROOT; };
		90A2EC6B1F209E98008088C4 /* main_back@2x.png */ = {isa = PBXFileReference; lastKnownFileType = image.png; path = "main_back@2x.png"; sourceTree = "<group>"; };
		90A2EC6C1F209E98008088C4 /* main_back_white@2x.png */ = {isa = PBXFileReference; lastKnownFileType = image.png; path = "main_back_white@2x.png"; sourceTree = "<group>"; };
		90CF07181F1F2BFC008106D2 /* AnYiYun.app */ = {isa = PBXFileReference; explicitFileType = wrapper.application; includeInIndex = 0; path = AnYiYun.app; sourceTree = BUILT_PRODUCTS_DIR; };
		90CF071C1F1F2BFC008106D2 /* main.m */ = {isa = PBXFileReference; lastKnownFileType = sourcecode.c.objc; path = main.m; sourceTree = "<group>"; };
		90CF071E1F1F2BFC008106D2 /* AppDelegate.h */ = {isa = PBXFileReference; lastKnownFileType = sourcecode.c.h; path = AppDelegate.h; sourceTree = "<group>"; };
		90CF071F1F1F2BFC008106D2 /* AppDelegate.m */ = {isa = PBXFileReference; lastKnownFileType = sourcecode.c.objc; path = AppDelegate.m; sourceTree = "<group>"; };
		90CF07271F1F2BFC008106D2 /* Assets.xcassets */ = {isa = PBXFileReference; lastKnownFileType = folder.assetcatalog; path = Assets.xcassets; sourceTree = "<group>"; };
		90CF072A1F1F2BFC008106D2 /* Base */ = {isa = PBXFileReference; lastKnownFileType = file.storyboard; name = Base; path = Base.lproj/LaunchScreen.storyboard; sourceTree = "<group>"; };
		90CF072C1F1F2BFC008106D2 /* Info.plist */ = {isa = PBXFileReference; lastKnownFileType = text.plist.xml; path = Info.plist; sourceTree = "<group>"; };
		90CF073A1F1F2FAE008106D2 /* BaseViewController.h */ = {isa = PBXFileReference; fileEncoding = 4; lastKnownFileType = sourcecode.c.h; path = BaseViewController.h; sourceTree = "<group>"; };
		90CF073B1F1F2FAE008106D2 /* BaseViewController.m */ = {isa = PBXFileReference; fileEncoding = 4; lastKnownFileType = sourcecode.c.objc; path = BaseViewController.m; sourceTree = "<group>"; };
		90CF073D1F1F304C008106D2 /* BaseNavigationViewController.h */ = {isa = PBXFileReference; fileEncoding = 4; lastKnownFileType = sourcecode.c.h; path = BaseNavigationViewController.h; sourceTree = "<group>"; };
		90CF073E1F1F304C008106D2 /* BaseNavigationViewController.m */ = {isa = PBXFileReference; fileEncoding = 4; lastKnownFileType = sourcecode.c.objc; path = BaseNavigationViewController.m; sourceTree = "<group>"; };
		90CF07401F1F3078008106D2 /* RootTabBarViewController.h */ = {isa = PBXFileReference; fileEncoding = 4; lastKnownFileType = sourcecode.c.h; path = RootTabBarViewController.h; sourceTree = "<group>"; };
		90CF07411F1F3078008106D2 /* RootTabBarViewController.m */ = {isa = PBXFileReference; fileEncoding = 4; lastKnownFileType = sourcecode.c.objc; path = RootTabBarViewController.m; sourceTree = "<group>"; };
		90CF074C1F1F313F008106D2 /* MeMainViewController.h */ = {isa = PBXFileReference; fileEncoding = 4; lastKnownFileType = sourcecode.c.h; path = MeMainViewController.h; sourceTree = "<group>"; };
		90CF074D1F1F313F008106D2 /* MeMainViewController.m */ = {isa = PBXFileReference; fileEncoding = 4; lastKnownFileType = sourcecode.c.objc; path = MeMainViewController.m; sourceTree = "<group>"; };
		90CF07501F1F318F008106D2 /* AnYiYun.pch */ = {isa = PBXFileReference; fileEncoding = 4; lastKnownFileType = sourcecode.c.h; path = AnYiYun.pch; sourceTree = "<group>"; };
		90CF07511F1F31E8008106D2 /* BaseMecro.h */ = {isa = PBXFileReference; fileEncoding = 4; lastKnownFileType = sourcecode.c.h; path = BaseMecro.h; sourceTree = "<group>"; };
		90CF07541F1F3300008106D2 /* BaseAFNRequest.h */ = {isa = PBXFileReference; fileEncoding = 4; lastKnownFileType = sourcecode.c.h; path = BaseAFNRequest.h; sourceTree = "<group>"; };
		90CF07551F1F3300008106D2 /* BaseAFNRequest.m */ = {isa = PBXFileReference; fileEncoding = 4; lastKnownFileType = sourcecode.c.objc; path = BaseAFNRequest.m; sourceTree = "<group>"; };
		90CF07561F1F3300008106D2 /* BaseReachability.h */ = {isa = PBXFileReference; fileEncoding = 4; lastKnownFileType = sourcecode.c.h; path = BaseReachability.h; sourceTree = "<group>"; };
		90CF07571F1F3300008106D2 /* BaseReachability.m */ = {isa = PBXFileReference; fileEncoding = 4; lastKnownFileType = sourcecode.c.objc; path = BaseReachability.m; sourceTree = "<group>"; };
		90CF075B1F1F334B008106D2 /* BaseDefine.h */ = {isa = PBXFileReference; fileEncoding = 4; lastKnownFileType = sourcecode.c.h; path = BaseDefine.h; sourceTree = "<group>"; };
		90CF075D1F1F3464008106D2 /* NSDate+Category.h */ = {isa = PBXFileReference; fileEncoding = 4; lastKnownFileType = sourcecode.c.h; path = "NSDate+Category.h"; sourceTree = "<group>"; };
		90CF075E1F1F3464008106D2 /* NSDate+Category.m */ = {isa = PBXFileReference; fileEncoding = 4; lastKnownFileType = sourcecode.c.objc; path = "NSDate+Category.m"; sourceTree = "<group>"; };
		90CF075F1F1F3464008106D2 /* NSDateFormatter+Category.h */ = {isa = PBXFileReference; fileEncoding = 4; lastKnownFileType = sourcecode.c.h; path = "NSDateFormatter+Category.h"; sourceTree = "<group>"; };
		90CF07601F1F3464008106D2 /* NSDateFormatter+Category.m */ = {isa = PBXFileReference; fileEncoding = 4; lastKnownFileType = sourcecode.c.objc; path = "NSDateFormatter+Category.m"; sourceTree = "<group>"; };
		90CF07611F1F3464008106D2 /* NSDictionary+Extension.h */ = {isa = PBXFileReference; fileEncoding = 4; lastKnownFileType = sourcecode.c.h; path = "NSDictionary+Extension.h"; sourceTree = "<group>"; };
		90CF07621F1F3464008106D2 /* NSDictionary+Extension.m */ = {isa = PBXFileReference; fileEncoding = 4; lastKnownFileType = sourcecode.c.objc; path = "NSDictionary+Extension.m"; sourceTree = "<group>"; };
		90CF07631F1F3464008106D2 /* NSDictionary+XHLogHelper.h */ = {isa = PBXFileReference; fileEncoding = 4; lastKnownFileType = sourcecode.c.h; path = "NSDictionary+XHLogHelper.h"; sourceTree = "<group>"; };
		90CF07641F1F3464008106D2 /* NSDictionary+XHLogHelper.m */ = {isa = PBXFileReference; fileEncoding = 4; lastKnownFileType = sourcecode.c.objc; path = "NSDictionary+XHLogHelper.m"; sourceTree = "<group>"; };
		90CF07651F1F3464008106D2 /* NSString+Date.h */ = {isa = PBXFileReference; fileEncoding = 4; lastKnownFileType = sourcecode.c.h; path = "NSString+Date.h"; sourceTree = "<group>"; };
		90CF07661F1F3464008106D2 /* NSString+Date.m */ = {isa = PBXFileReference; fileEncoding = 4; lastKnownFileType = sourcecode.c.objc; path = "NSString+Date.m"; sourceTree = "<group>"; };
		90CF07671F1F3464008106D2 /* NSString+Extension.h */ = {isa = PBXFileReference; fileEncoding = 4; lastKnownFileType = sourcecode.c.h; path = "NSString+Extension.h"; sourceTree = "<group>"; };
		90CF07681F1F3464008106D2 /* NSString+Extension.m */ = {isa = PBXFileReference; fileEncoding = 4; lastKnownFileType = sourcecode.c.objc; path = "NSString+Extension.m"; sourceTree = "<group>"; };
		90CF07691F1F3464008106D2 /* SwizzlingDefine.h */ = {isa = PBXFileReference; fileEncoding = 4; lastKnownFileType = sourcecode.c.h; path = SwizzlingDefine.h; sourceTree = "<group>"; };
		90CF076A1F1F3464008106D2 /* UIBarButtonItem+Extension.h */ = {isa = PBXFileReference; fileEncoding = 4; lastKnownFileType = sourcecode.c.h; path = "UIBarButtonItem+Extension.h"; sourceTree = "<group>"; };
		90CF076B1F1F3464008106D2 /* UIBarButtonItem+Extension.m */ = {isa = PBXFileReference; fileEncoding = 4; lastKnownFileType = sourcecode.c.objc; path = "UIBarButtonItem+Extension.m"; sourceTree = "<group>"; };
		90CF076C1F1F3464008106D2 /* UIColor+Extension.h */ = {isa = PBXFileReference; fileEncoding = 4; lastKnownFileType = sourcecode.c.h; path = "UIColor+Extension.h"; sourceTree = "<group>"; };
		90CF076D1F1F3464008106D2 /* UIColor+Extension.m */ = {isa = PBXFileReference; fileEncoding = 4; lastKnownFileType = sourcecode.c.objc; path = "UIColor+Extension.m"; sourceTree = "<group>"; };
		90CF076E1F1F3464008106D2 /* UIImage+Extension.h */ = {isa = PBXFileReference; fileEncoding = 4; lastKnownFileType = sourcecode.c.h; path = "UIImage+Extension.h"; sourceTree = "<group>"; };
		90CF076F1F1F3464008106D2 /* UIImage+Extension.m */ = {isa = PBXFileReference; fileEncoding = 4; lastKnownFileType = sourcecode.c.objc; path = "UIImage+Extension.m"; sourceTree = "<group>"; };
		90CF07701F1F3464008106D2 /* UIResponder+FirstResponder.h */ = {isa = PBXFileReference; fileEncoding = 4; lastKnownFileType = sourcecode.c.h; path = "UIResponder+FirstResponder.h"; sourceTree = "<group>"; };
		90CF07711F1F3464008106D2 /* UIResponder+FirstResponder.m */ = {isa = PBXFileReference; fileEncoding = 4; lastKnownFileType = sourcecode.c.objc; path = "UIResponder+FirstResponder.m"; sourceTree = "<group>"; };
		90CF07721F1F3464008106D2 /* UITabBar+badge.h */ = {isa = PBXFileReference; fileEncoding = 4; lastKnownFileType = sourcecode.c.h; path = "UITabBar+badge.h"; sourceTree = "<group>"; };
		90CF07731F1F3464008106D2 /* UITabBar+badge.m */ = {isa = PBXFileReference; fileEncoding = 4; lastKnownFileType = sourcecode.c.objc; path = "UITabBar+badge.m"; sourceTree = "<group>"; };
		90CF07741F1F3464008106D2 /* UITableView+Extension.h */ = {isa = PBXFileReference; fileEncoding = 4; lastKnownFileType = sourcecode.c.h; path = "UITableView+Extension.h"; sourceTree = "<group>"; };
		90CF07751F1F3464008106D2 /* UITableView+Extension.m */ = {isa = PBXFileReference; fileEncoding = 4; lastKnownFileType = sourcecode.c.objc; path = "UITableView+Extension.m"; sourceTree = "<group>"; };
		90CF07761F1F3464008106D2 /* UITextView+placeholder.h */ = {isa = PBXFileReference; fileEncoding = 4; lastKnownFileType = sourcecode.c.h; path = "UITextView+placeholder.h"; sourceTree = "<group>"; };
		90CF07771F1F3464008106D2 /* UITextView+placeholder.m */ = {isa = PBXFileReference; fileEncoding = 4; lastKnownFileType = sourcecode.c.objc; path = "UITextView+placeholder.m"; sourceTree = "<group>"; };
		90CF07781F1F3464008106D2 /* UIView+Border.h */ = {isa = PBXFileReference; fileEncoding = 4; lastKnownFileType = sourcecode.c.h; path = "UIView+Border.h"; sourceTree = "<group>"; };
		90CF07791F1F3464008106D2 /* UIView+Border.m */ = {isa = PBXFileReference; fileEncoding = 4; lastKnownFileType = sourcecode.c.objc; path = "UIView+Border.m"; sourceTree = "<group>"; };
		90CF077A1F1F3464008106D2 /* UIView+Extension.h */ = {isa = PBXFileReference; fileEncoding = 4; lastKnownFileType = sourcecode.c.h; path = "UIView+Extension.h"; sourceTree = "<group>"; };
		90CF077B1F1F3464008106D2 /* UIView+Extension.m */ = {isa = PBXFileReference; fileEncoding = 4; lastKnownFileType = sourcecode.c.objc; path = "UIView+Extension.m"; sourceTree = "<group>"; };
		90CF077C1F1F3464008106D2 /* UIViewController+Swizzling.h */ = {isa = PBXFileReference; fileEncoding = 4; lastKnownFileType = sourcecode.c.h; path = "UIViewController+Swizzling.h"; sourceTree = "<group>"; };
		90CF077D1F1F3464008106D2 /* UIViewController+Swizzling.m */ = {isa = PBXFileReference; fileEncoding = 4; lastKnownFileType = sourcecode.c.objc; path = "UIViewController+Swizzling.m"; sourceTree = "<group>"; };
		90CF07911F1F347D008106D2 /* BaseCategory.h */ = {isa = PBXFileReference; fileEncoding = 4; lastKnownFileType = sourcecode.c.h; path = BaseCategory.h; sourceTree = "<group>"; };
		90CF07921F1F35B1008106D2 /* BaseLaunchConfig.h */ = {isa = PBXFileReference; fileEncoding = 4; lastKnownFileType = sourcecode.c.h; path = BaseLaunchConfig.h; sourceTree = "<group>"; };
		90CF07931F1F35B1008106D2 /* BaseLaunchConfig.m */ = {isa = PBXFileReference; fileEncoding = 4; lastKnownFileType = sourcecode.c.objc; path = BaseLaunchConfig.m; sourceTree = "<group>"; };
		90CF07991F1F363F008106D2 /* LoginViewController.h */ = {isa = PBXFileReference; fileEncoding = 4; lastKnownFileType = sourcecode.c.h; path = LoginViewController.h; sourceTree = "<group>"; };
		90CF079A1F1F363F008106D2 /* LoginViewController.m */ = {isa = PBXFileReference; fileEncoding = 4; lastKnownFileType = sourcecode.c.objc; path = LoginViewController.m; sourceTree = "<group>"; };
		90CF079C1F1F375B008106D2 /* BaseHelper.h */ = {isa = PBXFileReference; fileEncoding = 4; lastKnownFileType = sourcecode.c.h; path = BaseHelper.h; sourceTree = "<group>"; };
		90CF079D1F1F375B008106D2 /* BaseHelper.m */ = {isa = PBXFileReference; fileEncoding = 4; lastKnownFileType = sourcecode.c.objc; path = BaseHelper.m; sourceTree = "<group>"; };
		90CF07A01F1F38D5008106D2 /* SJAvatarBrowser.h */ = {isa = PBXFileReference; fileEncoding = 4; lastKnownFileType = sourcecode.c.h; path = SJAvatarBrowser.h; sourceTree = "<group>"; };
		90CF07A11F1F38D5008106D2 /* SJAvatarBrowser.m */ = {isa = PBXFileReference; fileEncoding = 4; lastKnownFileType = sourcecode.c.objc; path = SJAvatarBrowser.m; sourceTree = "<group>"; };
		90CF07A31F1F38F5008106D2 /* BaseCacheHelper.h */ = {isa = PBXFileReference; fileEncoding = 4; lastKnownFileType = sourcecode.c.h; path = BaseCacheHelper.h; sourceTree = "<group>"; };
		90CF07A41F1F38F5008106D2 /* BaseCacheHelper.m */ = {isa = PBXFileReference; fileEncoding = 4; lastKnownFileType = sourcecode.c.objc; path = BaseCacheHelper.m; sourceTree = "<group>"; };
		90CF07A71F1F3955008106D2 /* StatusBarOverlay.h */ = {isa = PBXFileReference; fileEncoding = 4; lastKnownFileType = sourcecode.c.h; path = StatusBarOverlay.h; sourceTree = "<group>"; };
		90CF07A81F1F3955008106D2 /* StatusBarOverlay.m */ = {isa = PBXFileReference; fileEncoding = 4; lastKnownFileType = sourcecode.c.objc; path = StatusBarOverlay.m; sourceTree = "<group>"; };
		90CF07AA1F1F3985008106D2 /* PersonInfo.h */ = {isa = PBXFileReference; fileEncoding = 4; lastKnownFileType = sourcecode.c.h; path = PersonInfo.h; sourceTree = "<group>"; };
		90CF07AB1F1F3985008106D2 /* PersonInfo.m */ = {isa = PBXFileReference; fileEncoding = 4; lastKnownFileType = sourcecode.c.objc; path = PersonInfo.m; sourceTree = "<group>"; };
		90CF07AD1F1F3B14008106D2 /* LoadingViewController.h */ = {isa = PBXFileReference; fileEncoding = 4; lastKnownFileType = sourcecode.c.h; path = LoadingViewController.h; sourceTree = "<group>"; };
		90CF07AE1F1F3B14008106D2 /* LoadingViewController.m */ = {isa = PBXFileReference; fileEncoding = 4; lastKnownFileType = sourcecode.c.objc; path = LoadingViewController.m; sourceTree = "<group>"; };
		90CF07B11F1F3BAB008106D2 /* LoginManager.h */ = {isa = PBXFileReference; fileEncoding = 4; lastKnownFileType = sourcecode.c.h; path = LoginManager.h; sourceTree = "<group>"; };
		90CF07B21F1F3BAB008106D2 /* LoginManager.m */ = {isa = PBXFileReference; fileEncoding = 4; lastKnownFileType = sourcecode.c.objc; path = LoginManager.m; sourceTree = "<group>"; };
		A810BF441F25ECEB00B5F2D2 /* EnergyManagementViewController.h */ = {isa = PBXFileReference; fileEncoding = 4; lastKnownFileType = sourcecode.c.h; path = EnergyManagementViewController.h; sourceTree = "<group>"; };
		A810BF451F25ECEB00B5F2D2 /* EnergyManagementViewController.m */ = {isa = PBXFileReference; fileEncoding = 4; lastKnownFileType = sourcecode.c.objc; path = EnergyManagementViewController.m; sourceTree = "<group>"; };
		A810BF491F25EDB400B5F2D2 /* BaseTableViewController.h */ = {isa = PBXFileReference; fileEncoding = 4; lastKnownFileType = sourcecode.c.h; path = BaseTableViewController.h; sourceTree = "<group>"; };
		A810BF4A1F25EDB400B5F2D2 /* BaseTableViewController.m */ = {isa = PBXFileReference; fileEncoding = 4; lastKnownFileType = sourcecode.c.objc; path = BaseTableViewController.m; sourceTree = "<group>"; };
		A810BF4C1F25EDF700B5F2D2 /* LoadDetectionViewController.h */ = {isa = PBXFileReference; fileEncoding = 4; lastKnownFileType = sourcecode.c.h; path = LoadDetectionViewController.h; sourceTree = "<group>"; };
		A810BF4D1F25EDF700B5F2D2 /* LoadDetectionViewController.m */ = {isa = PBXFileReference; fileEncoding = 4; lastKnownFileType = sourcecode.c.objc; path = LoadDetectionViewController.m; sourceTree = "<group>"; };
		A810BF4F1F25EE3900B5F2D2 /* EnergyConsumptionStatisticsViewController.h */ = {isa = PBXFileReference; fileEncoding = 4; lastKnownFileType = sourcecode.c.h; path = EnergyConsumptionStatisticsViewController.h; sourceTree = "<group>"; };
		A810BF501F25EE3900B5F2D2 /* EnergyConsumptionStatisticsViewController.m */ = {isa = PBXFileReference; fileEncoding = 4; lastKnownFileType = sourcecode.c.objc; path = EnergyConsumptionStatisticsViewController.m; sourceTree = "<group>"; };
		A810BF521F25F43F00B5F2D2 /* YYSegmentedView.h */ = {isa = PBXFileReference; fileEncoding = 4; lastKnownFileType = sourcecode.c.h; name = YYSegmentedView.h; path = AnYiYun/Main/Home/Main/Controller/YYSegmentedView.h; sourceTree = SOURCE_ROOT; };
		A810BF531F25F43F00B5F2D2 /* YYSegmentedView.m */ = {isa = PBXFileReference; fileEncoding = 4; lastKnownFileType = sourcecode.c.objc; name = YYSegmentedView.m; path = AnYiYun/Main/Home/Main/Controller/YYSegmentedView.m; sourceTree = SOURCE_ROOT; };
		A810BF551F25F49300B5F2D2 /* YYSegmentedCollectionCell.h */ = {isa = PBXFileReference; fileEncoding = 4; lastKnownFileType = sourcecode.c.h; name = YYSegmentedCollectionCell.h; path = AnYiYun/Main/Home/Main/Controller/YYSegmentedCollectionCell.h; sourceTree = SOURCE_ROOT; };
		A810BF561F25F49300B5F2D2 /* YYSegmentedCollectionCell.m */ = {isa = PBXFileReference; fileEncoding = 4; lastKnownFileType = sourcecode.c.objc; name = YYSegmentedCollectionCell.m; path = AnYiYun/Main/Home/Main/Controller/YYSegmentedCollectionCell.m; sourceTree = SOURCE_ROOT; };
		A810BF571F25F49300B5F2D2 /* YYSegmentedCollectionCell.xib */ = {isa = PBXFileReference; fileEncoding = 4; lastKnownFileType = file.xib; name = YYSegmentedCollectionCell.xib; path = AnYiYun/Main/Home/Main/Controller/YYSegmentedCollectionCell.xib; sourceTree = SOURCE_ROOT; };
		A810BF5A1F26043F00B5F2D2 /* LoadDatectionHeaderView.h */ = {isa = PBXFileReference; fileEncoding = 4; lastKnownFileType = sourcecode.c.h; name = LoadDatectionHeaderView.h; path = AnYiYun/Main/Home/Main/Controller/LoadDatectionHeaderView.h; sourceTree = SOURCE_ROOT; };
		A810BF5B1F26043F00B5F2D2 /* LoadDatectionHeaderView.m */ = {isa = PBXFileReference; fileEncoding = 4; lastKnownFileType = sourcecode.c.objc; name = LoadDatectionHeaderView.m; path = AnYiYun/Main/Home/Main/Controller/LoadDatectionHeaderView.m; sourceTree = SOURCE_ROOT; };
		A810BF5D1F26051800B5F2D2 /* LoadDatectionHeaderView.xib */ = {isa = PBXFileReference; fileEncoding = 4; lastKnownFileType = file.xib; name = LoadDatectionHeaderView.xib; path = AnYiYun/Main/Home/Main/Controller/LoadDatectionHeaderView.xib; sourceTree = SOURCE_ROOT; };
		A810BF5F1F260A1400B5F2D2 /* LoadDatectionCell.h */ = {isa = PBXFileReference; fileEncoding = 4; lastKnownFileType = sourcecode.c.h; name = LoadDatectionCell.h; path = AnYiYun/Main/Home/Main/Controller/LoadDatectionCell.h; sourceTree = SOURCE_ROOT; };
		A810BF601F260A1400B5F2D2 /* LoadDatectionCell.m */ = {isa = PBXFileReference; fileEncoding = 4; lastKnownFileType = sourcecode.c.objc; name = LoadDatectionCell.m; path = AnYiYun/Main/Home/Main/Controller/LoadDatectionCell.m; sourceTree = SOURCE_ROOT; };
		A810BF611F260A1400B5F2D2 /* LoadDatectionCell.xib */ = {isa = PBXFileReference; fileEncoding = 4; lastKnownFileType = file.xib; name = LoadDatectionCell.xib; path = AnYiYun/Main/Home/Main/Controller/LoadDatectionCell.xib; sourceTree = SOURCE_ROOT; };
		A86694771F248D140097999D /* MBProgressHUD+YY.h */ = {isa = PBXFileReference; fileEncoding = 4; lastKnownFileType = sourcecode.c.h; path = "MBProgressHUD+YY.h"; sourceTree = "<group>"; };
		A86694781F248D140097999D /* MBProgressHUD+YY.m */ = {isa = PBXFileReference; fileEncoding = 4; lastKnownFileType = sourcecode.c.objc; path = "MBProgressHUD+YY.m"; sourceTree = "<group>"; };
		A89FBFC31F230257001405E8 /* YYCalendarView.h */ = {isa = PBXFileReference; fileEncoding = 4; lastKnownFileType = sourcecode.c.h; name = YYCalendarView.h; path = AnYiYun/Main/Daily/YYCalendarView.h; sourceTree = SOURCE_ROOT; };
		A89FBFC41F230257001405E8 /* YYCalendarView.m */ = {isa = PBXFileReference; fileEncoding = 4; lastKnownFileType = sourcecode.c.objc; name = YYCalendarView.m; path = AnYiYun/Main/Daily/YYCalendarView.m; sourceTree = SOURCE_ROOT; };
		A89FBFC61F230280001405E8 /* YYCalendarView.xib */ = {isa = PBXFileReference; fileEncoding = 4; lastKnownFileType = file.xib; name = YYCalendarView.xib; path = AnYiYun/Main/Daily/YYCalendarView.xib; sourceTree = SOURCE_ROOT; };
		A89FBFC91F23040A001405E8 /* UIButton+Category.h */ = {isa = PBXFileReference; fileEncoding = 4; lastKnownFileType = sourcecode.c.h; path = "UIButton+Category.h"; sourceTree = "<group>"; };
		A89FBFCA1F23040A001405E8 /* UIButton+Category.m */ = {isa = PBXFileReference; fileEncoding = 4; lastKnownFileType = sourcecode.c.objc; path = "UIButton+Category.m"; sourceTree = "<group>"; };
		A89FBFCE1F23175A001405E8 /* CalendarViewController.h */ = {isa = PBXFileReference; fileEncoding = 4; lastKnownFileType = sourcecode.c.h; path = CalendarViewController.h; sourceTree = "<group>"; };
		A89FBFCF1F23175A001405E8 /* CalendarViewController.m */ = {isa = PBXFileReference; fileEncoding = 4; lastKnownFileType = sourcecode.c.objc; path = CalendarViewController.m; sourceTree = "<group>"; };
		A89FBFD31F231A79001405E8 /* YYCalendarModel.h */ = {isa = PBXFileReference; fileEncoding = 4; lastKnownFileType = sourcecode.c.h; name = YYCalendarModel.h; path = AnYiYun/Main/Daily/Controller/YYCalendarModel.h; sourceTree = SOURCE_ROOT; };
		A89FBFD41F231A79001405E8 /* YYCalendarModel.m */ = {isa = PBXFileReference; fileEncoding = 4; lastKnownFileType = sourcecode.c.objc; name = YYCalendarModel.m; path = AnYiYun/Main/Daily/Controller/YYCalendarModel.m; sourceTree = SOURCE_ROOT; };
		A89FBFE81F235D13001405E8 /* YYCalendarCollectionViewCell.h */ = {isa = PBXFileReference; fileEncoding = 4; lastKnownFileType = sourcecode.c.h; name = YYCalendarCollectionViewCell.h; path = AnYiYun/Main/Daily/Controller/YYCalendarCollectionViewCell.h; sourceTree = SOURCE_ROOT; };
		A89FBFE91F235D13001405E8 /* YYCalendarCollectionViewCell.m */ = {isa = PBXFileReference; fileEncoding = 4; lastKnownFileType = sourcecode.c.objc; name = YYCalendarCollectionViewCell.m; path = AnYiYun/Main/Daily/Controller/YYCalendarCollectionViewCell.m; sourceTree = SOURCE_ROOT; };
		A89FBFEA1F235D13001405E8 /* YYCalendarCollectionViewCell.xib */ = {isa = PBXFileReference; fileEncoding = 4; lastKnownFileType = file.xib; name = YYCalendarCollectionViewCell.xib; path = AnYiYun/Main/Daily/Controller/YYCalendarCollectionViewCell.xib; sourceTree = SOURCE_ROOT; };
		A8F13A761F20FD8900D04525 /* NSString+YYCategory.h */ = {isa = PBXFileReference; fileEncoding = 4; lastKnownFileType = sourcecode.c.h; path = "NSString+YYCategory.h"; sourceTree = "<group>"; };
		A8F13A771F20FD8900D04525 /* NSString+YYCategory.m */ = {isa = PBXFileReference; fileEncoding = 4; lastKnownFileType = sourcecode.c.objc; path = "NSString+YYCategory.m"; sourceTree = "<group>"; };
		F71F8DB1A9A54FD282B636CD /* libPods.a */ = {isa = PBXFileReference; explicitFileType = archive.ar; includeInIndex = 0; path = libPods.a; sourceTree = BUILT_PRODUCTS_DIR; };
/* End PBXFileReference section */

/* Begin PBXFrameworksBuildPhase section */
		90CF07151F1F2BFC008106D2 /* Frameworks */ = {
			isa = PBXFrameworksBuildPhase;
			buildActionMask = 2147483647;
			files = (
				BD8C57B76D85A3BD4D84921C /* libPods.a in Frameworks */,
			);
			runOnlyForDeploymentPostprocessing = 0;
		};
/* End PBXFrameworksBuildPhase section */

/* Begin PBXGroup section */
		467B3C748F5DCA06B1F3D319 /* Pods */ = {
			isa = PBXGroup;
			children = (
				617F75F35450880E537C172C /* Pods.debug.xcconfig */,
				1B9BBA670C09FB1001076AA5 /* Pods.release.xcconfig */,
			);
			name = Pods;
			sourceTree = "<group>";
		};
		509FB78C0393B45E92E8EFF8 /* Frameworks */ = {
			isa = PBXGroup;
			children = (
				F71F8DB1A9A54FD282B636CD /* libPods.a */,
			);
			name = Frameworks;
			sourceTree = "<group>";
		};
		901A08121F20E2E3009488C1 /* Daily_日报 */ = {
			isa = PBXGroup;
			children = (
				901A08141F20E2E3009488C1 /* Model */,
				901A08151F20E2E3009488C1 /* View */,
				901A08131F20E2E3009488C1 /* Controller */,
			);
			name = "Daily_日报";
			path = Daily;
			sourceTree = "<group>";
		};
		901A08131F20E2E3009488C1 /* Controller */ = {
			isa = PBXGroup;
			children = (
				901A081A1F20E32F009488C1 /* DailyMainViewController.h */,
				901A081B1F20E32F009488C1 /* DailyMainViewController.m */,
				A89FBFCE1F23175A001405E8 /* CalendarViewController.h */,
				A89FBFCF1F23175A001405E8 /* CalendarViewController.m */,
			);
			path = Controller;
			sourceTree = "<group>";
		};
		901A08141F20E2E3009488C1 /* Model */ = {
			isa = PBXGroup;
			children = (
				A89FBFD31F231A79001405E8 /* YYCalendarModel.h */,
				A89FBFD41F231A79001405E8 /* YYCalendarModel.m */,
			);
			path = Model;
			sourceTree = "<group>";
		};
		901A08151F20E2E3009488C1 /* View */ = {
			isa = PBXGroup;
			children = (
				A89FBFC31F230257001405E8 /* YYCalendarView.h */,
				A89FBFC41F230257001405E8 /* YYCalendarView.m */,
				A89FBFC61F230280001405E8 /* YYCalendarView.xib */,
				A89FBFE81F235D13001405E8 /* YYCalendarCollectionViewCell.h */,
				A89FBFE91F235D13001405E8 /* YYCalendarCollectionViewCell.m */,
				A89FBFEA1F235D13001405E8 /* YYCalendarCollectionViewCell.xib */,
			);
			path = View;
			sourceTree = "<group>";
		};
		901A08161F20E2E3009488C1 /* Equipment_设备说 */ = {
			isa = PBXGroup;
			children = (
				901A08181F20E2E3009488C1 /* Model */,
				901A08191F20E2E3009488C1 /* View */,
				901A08171F20E2E3009488C1 /* Controller */,
			);
			name = "Equipment_设备说";
			path = Equipment;
			sourceTree = "<group>";
		};
		901A08171F20E2E3009488C1 /* Controller */ = {
			isa = PBXGroup;
			children = (
				901A081D1F20E366009488C1 /* EquipmentMainViewController.h */,
				901A081E1F20E366009488C1 /* EquipmentMainViewController.m */,
			);
			path = Controller;
			sourceTree = "<group>";
		};
		901A08181F20E2E3009488C1 /* Model */ = {
			isa = PBXGroup;
			children = (
			);
			path = Model;
			sourceTree = "<group>";
		};
		901A08191F20E2E3009488C1 /* View */ = {
			isa = PBXGroup;
			children = (
			);
			path = View;
			sourceTree = "<group>";
		};
		901A08201F20E3AA009488C1 /* Main */ = {
			isa = PBXGroup;
			children = (
				901A08241F20E3AA009488C1 /* Model */,
				901A08251F20E3AA009488C1 /* View */,
				901A08211F20E3AA009488C1 /* Controller */,
			);
			path = Main;
			sourceTree = "<group>";
		};
		901A08211F20E3AA009488C1 /* Controller */ = {
			isa = PBXGroup;
			children = (
				901A08221F20E3AA009488C1 /* HomeMainViewController.h */,
				901A08231F20E3AA009488C1 /* HomeMainViewController.m */,
				A810BF441F25ECEB00B5F2D2 /* EnergyManagementViewController.h */,
				A810BF451F25ECEB00B5F2D2 /* EnergyManagementViewController.m */,
				A810BF4C1F25EDF700B5F2D2 /* LoadDetectionViewController.h */,
				A810BF4D1F25EDF700B5F2D2 /* LoadDetectionViewController.m */,
				A810BF4F1F25EE3900B5F2D2 /* EnergyConsumptionStatisticsViewController.h */,
				A810BF501F25EE3900B5F2D2 /* EnergyConsumptionStatisticsViewController.m */,
			);
			path = Controller;
			sourceTree = "<group>";
		};
		901A08241F20E3AA009488C1 /* Model */ = {
			isa = PBXGroup;
			children = (
				90272BE91F224833000B1DC0 /* HomeModel.h */,
				90272BEA1F224833000B1DC0 /* HomeModel.m */,
			);
			path = Model;
			sourceTree = "<group>";
		};
		901A08251F20E3AA009488C1 /* View */ = {
			isa = PBXGroup;
			children = (
				A810BF521F25F43F00B5F2D2 /* YYSegmentedView.h */,
				A810BF531F25F43F00B5F2D2 /* YYSegmentedView.m */,
				A810BF551F25F49300B5F2D2 /* YYSegmentedCollectionCell.h */,
				A810BF561F25F49300B5F2D2 /* YYSegmentedCollectionCell.m */,
				A810BF571F25F49300B5F2D2 /* YYSegmentedCollectionCell.xib */,
				A810BF5A1F26043F00B5F2D2 /* LoadDatectionHeaderView.h */,
				A810BF5B1F26043F00B5F2D2 /* LoadDatectionHeaderView.m */,
				A810BF5D1F26051800B5F2D2 /* LoadDatectionHeaderView.xib */,
				A810BF5F1F260A1400B5F2D2 /* LoadDatectionCell.h */,
				A810BF601F260A1400B5F2D2 /* LoadDatectionCell.m */,
				A810BF611F260A1400B5F2D2 /* LoadDatectionCell.xib */,
			);
			path = View;
			sourceTree = "<group>";
		};
		90272BCF1F224382000B1DC0 /* SDCycleScrollView */ = {
			isa = PBXGroup;
			children = (
				90272BD01F224382000B1DC0 /* PageControl */,
				90272BD91F224382000B1DC0 /* SDCollectionViewCell.h */,
				90272BDA1F224382000B1DC0 /* SDCollectionViewCell.m */,
				90272BDB1F224382000B1DC0 /* SDCycleScrollView.h */,
				90272BDC1F224382000B1DC0 /* SDCycleScrollView.m */,
				90272BDD1F224382000B1DC0 /* UIView+SDExtension.h */,
				90272BDE1F224382000B1DC0 /* UIView+SDExtension.m */,
			);
			path = SDCycleScrollView;
			sourceTree = "<group>";
		};
		90272BD01F224382000B1DC0 /* PageControl */ = {
			isa = PBXGroup;
			children = (
				90272BD11F224382000B1DC0 /* TAAbstractDotView.h */,
				90272BD21F224382000B1DC0 /* TAAbstractDotView.m */,
				90272BD31F224382000B1DC0 /* TAAnimatedDotView.h */,
				90272BD41F224382000B1DC0 /* TAAnimatedDotView.m */,
				90272BD51F224382000B1DC0 /* TADotView.h */,
				90272BD61F224382000B1DC0 /* TADotView.m */,
				90272BD71F224382000B1DC0 /* TAPageControl.h */,
				90272BD81F224382000B1DC0 /* TAPageControl.m */,
			);
			path = PageControl;
			sourceTree = "<group>";
		};
		90A2EC6A1F209E98008088C4 /* main */ = {
			isa = PBXGroup;
			children = (
				90A2EC6B1F209E98008088C4 /* main_back@2x.png */,
				90A2EC6C1F209E98008088C4 /* main_back_white@2x.png */,
			);
			path = main;
			sourceTree = "<group>";
		};
		90CF070F1F1F2BFC008106D2 = {
			isa = PBXGroup;
			children = (
				90CF071A1F1F2BFC008106D2 /* AnYiYun */,
				90CF07191F1F2BFC008106D2 /* Products */,
				467B3C748F5DCA06B1F3D319 /* Pods */,
				509FB78C0393B45E92E8EFF8 /* Frameworks */,
			);
			sourceTree = "<group>";
		};
		90CF07191F1F2BFC008106D2 /* Products */ = {
			isa = PBXGroup;
			children = (
				90CF07181F1F2BFC008106D2 /* AnYiYun.app */,
			);
			name = Products;
			sourceTree = "<group>";
		};
		90CF071A1F1F2BFC008106D2 /* AnYiYun */ = {
			isa = PBXGroup;
			children = (
				90CF071E1F1F2BFC008106D2 /* AppDelegate.h */,
				90CF071F1F1F2BFC008106D2 /* AppDelegate.m */,
				90CF07921F1F35B1008106D2 /* BaseLaunchConfig.h */,
				90CF07931F1F35B1008106D2 /* BaseLaunchConfig.m */,
				90CF07351F1F2F59008106D2 /* Main */,
				90CF07331F1F2F59008106D2 /* Common */,
				90CF07321F1F2F59008106D2 /* Category */,
				90CF07341F1F2F59008106D2 /* Libs */,
				90CF075C1F1F33FA008106D2 /* Tool */,
				90CF07391F1F2F59008106D2 /* Resource */,
				90CF071B1F1F2BFC008106D2 /* Supporting Files */,
			);
			path = AnYiYun;
			sourceTree = "<group>";
		};
		90CF071B1F1F2BFC008106D2 /* Supporting Files */ = {
			isa = PBXGroup;
			children = (
				90CF07271F1F2BFC008106D2 /* Assets.xcassets */,
				90CF07291F1F2BFC008106D2 /* LaunchScreen.storyboard */,
				90CF072C1F1F2BFC008106D2 /* Info.plist */,
				90CF071C1F1F2BFC008106D2 /* main.m */,
			);
			name = "Supporting Files";
			sourceTree = "<group>";
		};
		90CF07321F1F2F59008106D2 /* Category */ = {
			isa = PBXGroup;
			children = (
				90CF07911F1F347D008106D2 /* BaseCategory.h */,
				90CF075D1F1F3464008106D2 /* NSDate+Category.h */,
				90CF075E1F1F3464008106D2 /* NSDate+Category.m */,
				90CF075F1F1F3464008106D2 /* NSDateFormatter+Category.h */,
				90CF07601F1F3464008106D2 /* NSDateFormatter+Category.m */,
				90CF07611F1F3464008106D2 /* NSDictionary+Extension.h */,
				90CF07621F1F3464008106D2 /* NSDictionary+Extension.m */,
				90CF07631F1F3464008106D2 /* NSDictionary+XHLogHelper.h */,
				90CF07641F1F3464008106D2 /* NSDictionary+XHLogHelper.m */,
				90CF07651F1F3464008106D2 /* NSString+Date.h */,
				90CF07661F1F3464008106D2 /* NSString+Date.m */,
				90CF07671F1F3464008106D2 /* NSString+Extension.h */,
				90CF07681F1F3464008106D2 /* NSString+Extension.m */,
				90CF07691F1F3464008106D2 /* SwizzlingDefine.h */,
				90CF076A1F1F3464008106D2 /* UIBarButtonItem+Extension.h */,
				90CF076B1F1F3464008106D2 /* UIBarButtonItem+Extension.m */,
				90CF076C1F1F3464008106D2 /* UIColor+Extension.h */,
				90CF076D1F1F3464008106D2 /* UIColor+Extension.m */,
				90CF076E1F1F3464008106D2 /* UIImage+Extension.h */,
				90CF076F1F1F3464008106D2 /* UIImage+Extension.m */,
				90CF07701F1F3464008106D2 /* UIResponder+FirstResponder.h */,
				90CF07711F1F3464008106D2 /* UIResponder+FirstResponder.m */,
				90CF07721F1F3464008106D2 /* UITabBar+badge.h */,
				90CF07731F1F3464008106D2 /* UITabBar+badge.m */,
				90CF07741F1F3464008106D2 /* UITableView+Extension.h */,
				90CF07751F1F3464008106D2 /* UITableView+Extension.m */,
				90CF07761F1F3464008106D2 /* UITextView+placeholder.h */,
				90CF07771F1F3464008106D2 /* UITextView+placeholder.m */,
				90CF07781F1F3464008106D2 /* UIView+Border.h */,
				90CF07791F1F3464008106D2 /* UIView+Border.m */,
				90CF077A1F1F3464008106D2 /* UIView+Extension.h */,
				90CF077B1F1F3464008106D2 /* UIView+Extension.m */,
				90CF077C1F1F3464008106D2 /* UIViewController+Swizzling.h */,
				90CF077D1F1F3464008106D2 /* UIViewController+Swizzling.m */,
			);
			path = Category;
			sourceTree = "<group>";
		};
		90CF07331F1F2F59008106D2 /* Common */ = {
			isa = PBXGroup;
			children = (
				A86694761F248CF70097999D /* MBProgressHUDCategory */,
				90CF07501F1F318F008106D2 /* AnYiYun.pch */,
				90CF07511F1F31E8008106D2 /* BaseMecro.h */,
				90CF07531F1F3300008106D2 /* Network */,
				A8F13A751F20FD1200D04525 /* NSStringCategory */,
				A89FBFC81F23040A001405E8 /* UIButtonCategory */,
			);
			path = Common;
			sourceTree = "<group>";
		};
		90CF07341F1F2F59008106D2 /* Libs */ = {
			isa = PBXGroup;
			children = (
				90272BCF1F224382000B1DC0 /* SDCycleScrollView */,
				90CF07A61F1F3955008106D2 /* StatusBarOverlay */,
				90CF079F1F1F38D5008106D2 /* SJAvatarBrowser */,
			);
			path = Libs;
			sourceTree = "<group>";
		};
		90CF07351F1F2F59008106D2 /* Main */ = {
			isa = PBXGroup;
			children = (
				90CF073A1F1F2FAE008106D2 /* BaseViewController.h */,
				90CF073B1F1F2FAE008106D2 /* BaseViewController.m */,
				A810BF491F25EDB400B5F2D2 /* BaseTableViewController.h */,
				A810BF4A1F25EDB400B5F2D2 /* BaseTableViewController.m */,
				90CF073D1F1F304C008106D2 /* BaseNavigationViewController.h */,
				90CF073E1F1F304C008106D2 /* BaseNavigationViewController.m */,
				90CF07401F1F3078008106D2 /* RootTabBarViewController.h */,
				90CF07411F1F3078008106D2 /* RootTabBarViewController.m */,
				90CF07361F1F2F59008106D2 /* Common */,
				90CF07951F1F361D008106D2 /* Login */,
				90CF07371F1F2F59008106D2 /* Home_首页 */,
				901A08121F20E2E3009488C1 /* Daily_日报 */,
				901A08161F20E2E3009488C1 /* Equipment_设备说 */,
				90CF07381F1F2F59008106D2 /* Me_我的 */,
			);
			path = Main;
			sourceTree = "<group>";
		};
		90CF07361F1F2F59008106D2 /* Common */ = {
			isa = PBXGroup;
			children = (
				90272BE61F2246AE000B1DC0 /* PublicWebViewController.h */,
				90272BE71F2246AE000B1DC0 /* PublicWebViewController.m */,
			);
			path = Common;
			sourceTree = "<group>";
		};
		90CF07371F1F2F59008106D2 /* Home_首页 */ = {
			isa = PBXGroup;
			children = (
				901A08201F20E3AA009488C1 /* Main */,
			);
			name = "Home_首页";
			path = Home;
			sourceTree = "<group>";
		};
		90CF07381F1F2F59008106D2 /* Me_我的 */ = {
			isa = PBXGroup;
			children = (
				90CF07471F1F3107008106D2 /* Model */,
				90CF07481F1F3107008106D2 /* View */,
				90CF07461F1F3107008106D2 /* Controller */,
			);
			name = "Me_我的";
			path = Me;
			sourceTree = "<group>";
		};
		90CF07391F1F2F59008106D2 /* Resource */ = {
			isa = PBXGroup;
			children = (
				90A2EC6A1F209E98008088C4 /* main */,
			);
			path = Resource;
			sourceTree = "<group>";
		};
		90CF07461F1F3107008106D2 /* Controller */ = {
			isa = PBXGroup;
			children = (
				90CF074C1F1F313F008106D2 /* MeMainViewController.h */,
				90CF074D1F1F313F008106D2 /* MeMainViewController.m */,
			);
			path = Controller;
			sourceTree = "<group>";
		};
		90CF07471F1F3107008106D2 /* Model */ = {
			isa = PBXGroup;
			children = (
			);
			path = Model;
			sourceTree = "<group>";
		};
		90CF07481F1F3107008106D2 /* View */ = {
			isa = PBXGroup;
			children = (
			);
			path = View;
			sourceTree = "<group>";
		};
		90CF07531F1F3300008106D2 /* Network */ = {
			isa = PBXGroup;
			children = (
				90CF075B1F1F334B008106D2 /* BaseDefine.h */,
				90CF07541F1F3300008106D2 /* BaseAFNRequest.h */,
				90CF07551F1F3300008106D2 /* BaseAFNRequest.m */,
				90CF07561F1F3300008106D2 /* BaseReachability.h */,
				90CF07571F1F3300008106D2 /* BaseReachability.m */,
			);
			path = Network;
			sourceTree = "<group>";
		};
		90CF075C1F1F33FA008106D2 /* Tool */ = {
			isa = PBXGroup;
			children = (
				90CF079C1F1F375B008106D2 /* BaseHelper.h */,
				90CF079D1F1F375B008106D2 /* BaseHelper.m */,
				90CF07A31F1F38F5008106D2 /* BaseCacheHelper.h */,
				90CF07A41F1F38F5008106D2 /* BaseCacheHelper.m */,
			);
			path = Tool;
			sourceTree = "<group>";
		};
		90CF07951F1F361D008106D2 /* Login */ = {
			isa = PBXGroup;
			children = (
				90CF07B01F1F3B8F008106D2 /* API */,
				90CF07971F1F361D008106D2 /* Model */,
				90CF07981F1F361D008106D2 /* View */,
				90CF07961F1F361D008106D2 /* Controller */,
			);
			path = Login;
			sourceTree = "<group>";
		};
		90CF07961F1F361D008106D2 /* Controller */ = {
			isa = PBXGroup;
			children = (
				90CF07991F1F363F008106D2 /* LoginViewController.h */,
				90CF079A1F1F363F008106D2 /* LoginViewController.m */,
				90CF07AD1F1F3B14008106D2 /* LoadingViewController.h */,
				90CF07AE1F1F3B14008106D2 /* LoadingViewController.m */,
			);
			path = Controller;
			sourceTree = "<group>";
		};
		90CF07971F1F361D008106D2 /* Model */ = {
			isa = PBXGroup;
			children = (
				90CF07AA1F1F3985008106D2 /* PersonInfo.h */,
				90CF07AB1F1F3985008106D2 /* PersonInfo.m */,
			);
			path = Model;
			sourceTree = "<group>";
		};
		90CF07981F1F361D008106D2 /* View */ = {
			isa = PBXGroup;
			children = (
				90A2EC671F209C43008088C4 /* FirstLaunchView.h */,
				90A2EC681F209C43008088C4 /* FirstLaunchView.m */,
			);
			path = View;
			sourceTree = "<group>";
		};
		90CF079F1F1F38D5008106D2 /* SJAvatarBrowser */ = {
			isa = PBXGroup;
			children = (
				90CF07A01F1F38D5008106D2 /* SJAvatarBrowser.h */,
				90CF07A11F1F38D5008106D2 /* SJAvatarBrowser.m */,
			);
			path = SJAvatarBrowser;
			sourceTree = "<group>";
		};
		90CF07A61F1F3955008106D2 /* StatusBarOverlay */ = {
			isa = PBXGroup;
			children = (
				90CF07A71F1F3955008106D2 /* StatusBarOverlay.h */,
				90CF07A81F1F3955008106D2 /* StatusBarOverlay.m */,
				90A2EC641F208F68008088C4 /* UIImageLabel.h */,
				90A2EC651F208F68008088C4 /* UIImageLabel.m */,
			);
			path = StatusBarOverlay;
			sourceTree = "<group>";
		};
		90CF07B01F1F3B8F008106D2 /* API */ = {
			isa = PBXGroup;
			children = (
				90CF07B11F1F3BAB008106D2 /* LoginManager.h */,
				90CF07B21F1F3BAB008106D2 /* LoginManager.m */,
			);
			path = API;
			sourceTree = "<group>";
		};
		A86694761F248CF70097999D /* MBProgressHUDCategory */ = {
			isa = PBXGroup;
			children = (
				A86694771F248D140097999D /* MBProgressHUD+YY.h */,
				A86694781F248D140097999D /* MBProgressHUD+YY.m */,
			);
			name = MBProgressHUDCategory;
			sourceTree = "<group>";
		};
		A89FBFC81F23040A001405E8 /* UIButtonCategory */ = {
			isa = PBXGroup;
			children = (
				A89FBFC91F23040A001405E8 /* UIButton+Category.h */,
				A89FBFCA1F23040A001405E8 /* UIButton+Category.m */,
			);
			path = UIButtonCategory;
			sourceTree = "<group>";
		};
		A8F13A751F20FD1200D04525 /* NSStringCategory */ = {
			isa = PBXGroup;
			children = (
				A8F13A761F20FD8900D04525 /* NSString+YYCategory.h */,
				A8F13A771F20FD8900D04525 /* NSString+YYCategory.m */,
			);
			name = NSStringCategory;
			sourceTree = "<group>";
		};
/* End PBXGroup section */

/* Begin PBXNativeTarget section */
		90CF07171F1F2BFC008106D2 /* AnYiYun */ = {
			isa = PBXNativeTarget;
			buildConfigurationList = 90CF072F1F1F2BFC008106D2 /* Build configuration list for PBXNativeTarget "AnYiYun" */;
			buildPhases = (
				75A0C2F66912F5F9516DE94F /* Check Pods Manifest.lock */,
				90CF07141F1F2BFC008106D2 /* Sources */,
				90CF07151F1F2BFC008106D2 /* Frameworks */,
				90CF07161F1F2BFC008106D2 /* Resources */,
				43ADB7190229176E2D7E6795 /* Embed Pods Frameworks */,
				D41D594BC857F0AFA2273E07 /* Copy Pods Resources */,
			);
			buildRules = (
			);
			dependencies = (
			);
			name = AnYiYun;
			productName = AnYiYun;
			productReference = 90CF07181F1F2BFC008106D2 /* AnYiYun.app */;
			productType = "com.apple.product-type.application";
		};
/* End PBXNativeTarget section */

/* Begin PBXProject section */
		90CF07101F1F2BFC008106D2 /* Project object */ = {
			isa = PBXProject;
			attributes = {
				LastUpgradeCheck = 0830;
				ORGANIZATIONNAME = wwr;
				TargetAttributes = {
					90CF07171F1F2BFC008106D2 = {
						CreatedOnToolsVersion = 8.3.3;
						DevelopmentTeam = J8Y4VA83US;
						ProvisioningStyle = Manual;
					};
				};
			};
			buildConfigurationList = 90CF07131F1F2BFC008106D2 /* Build configuration list for PBXProject "AnYiYun" */;
			compatibilityVersion = "Xcode 3.2";
			developmentRegion = English;
			hasScannedForEncodings = 0;
			knownRegions = (
				en,
				Base,
			);
			mainGroup = 90CF070F1F1F2BFC008106D2;
			productRefGroup = 90CF07191F1F2BFC008106D2 /* Products */;
			projectDirPath = "";
			projectRoot = "";
			targets = (
				90CF07171F1F2BFC008106D2 /* AnYiYun */,
			);
		};
/* End PBXProject section */

/* Begin PBXResourcesBuildPhase section */
		90CF07161F1F2BFC008106D2 /* Resources */ = {
			isa = PBXResourcesBuildPhase;
			buildActionMask = 2147483647;
			files = (
				A89FBFC71F230280001405E8 /* YYCalendarView.xib in Resources */,
				90A2EC6E1F209E98008088C4 /* main_back_white@2x.png in Resources */,
				A810BF591F25F49300B5F2D2 /* YYSegmentedCollectionCell.xib in Resources */,
				A810BF5E1F26051800B5F2D2 /* LoadDatectionHeaderView.xib in Resources */,
				90CF072B1F1F2BFC008106D2 /* LaunchScreen.storyboard in Resources */,
				90A2EC6D1F209E98008088C4 /* main_back@2x.png in Resources */,
				A89FBFEC1F235D13001405E8 /* YYCalendarCollectionViewCell.xib in Resources */,
				A810BF631F260A1400B5F2D2 /* LoadDatectionCell.xib in Resources */,
				90CF07281F1F2BFC008106D2 /* Assets.xcassets in Resources */,
			);
			runOnlyForDeploymentPostprocessing = 0;
		};
/* End PBXResourcesBuildPhase section */

/* Begin PBXShellScriptBuildPhase section */
		43ADB7190229176E2D7E6795 /* Embed Pods Frameworks */ = {
			isa = PBXShellScriptBuildPhase;
			buildActionMask = 2147483647;
			files = (
			);
			inputPaths = (
			);
			name = "Embed Pods Frameworks";
			outputPaths = (
			);
			runOnlyForDeploymentPostprocessing = 0;
			shellPath = /bin/sh;
			shellScript = "\"${SRCROOT}/Pods/Target Support Files/Pods/Pods-frameworks.sh\"\n";
			showEnvVarsInLog = 0;
		};
		75A0C2F66912F5F9516DE94F /* Check Pods Manifest.lock */ = {
			isa = PBXShellScriptBuildPhase;
			buildActionMask = 2147483647;
			files = (
			);
			inputPaths = (
			);
			name = "Check Pods Manifest.lock";
			outputPaths = (
			);
			runOnlyForDeploymentPostprocessing = 0;
			shellPath = /bin/sh;
			shellScript = "diff \"${PODS_ROOT}/../Podfile.lock\" \"${PODS_ROOT}/Manifest.lock\" > /dev/null\nif [[ $? != 0 ]] ; then\n    cat << EOM\nerror: The sandbox is not in sync with the Podfile.lock. Run 'pod install' or update your CocoaPods installation.\nEOM\n    exit 1\nfi\n";
			showEnvVarsInLog = 0;
		};
		D41D594BC857F0AFA2273E07 /* Copy Pods Resources */ = {
			isa = PBXShellScriptBuildPhase;
			buildActionMask = 2147483647;
			files = (
			);
			inputPaths = (
			);
			name = "Copy Pods Resources";
			outputPaths = (
			);
			runOnlyForDeploymentPostprocessing = 0;
			shellPath = /bin/sh;
			shellScript = "\"${SRCROOT}/Pods/Target Support Files/Pods/Pods-resources.sh\"\n";
			showEnvVarsInLog = 0;
		};
/* End PBXShellScriptBuildPhase section */

/* Begin PBXSourcesBuildPhase section */
		90CF07141F1F2BFC008106D2 /* Sources */ = {
			isa = PBXSourcesBuildPhase;
			buildActionMask = 2147483647;
			files = (
				90CF07201F1F2BFC008106D2 /* AppDelegate.m in Sources */,
				90272BE11F224382000B1DC0 /* TADotView.m in Sources */,
				90272BDF1F224382000B1DC0 /* TAAbstractDotView.m in Sources */,
				90CF07421F1F3078008106D2 /* RootTabBarViewController.m in Sources */,
				A89FBFEB1F235D13001405E8 /* YYCalendarCollectionViewCell.m in Sources */,
				A810BF541F25F43F00B5F2D2 /* YYSegmentedView.m in Sources */,
				90272BE41F224382000B1DC0 /* SDCycleScrollView.m in Sources */,
				90CF07821F1F3464008106D2 /* NSDictionary+Extension.m in Sources */,
				90CF078F1F1F3464008106D2 /* UIViewController+Swizzling.m in Sources */,
				90CF079B1F1F363F008106D2 /* LoginViewController.m in Sources */,
				A810BF4E1F25EDF700B5F2D2 /* LoadDetectionViewController.m in Sources */,
				90CF07801F1F3464008106D2 /* NSDate+Category.m in Sources */,
				90CF07B31F1F3BAB008106D2 /* LoginManager.m in Sources */,
				90272BE01F224382000B1DC0 /* TAAnimatedDotView.m in Sources */,
				90CF07A21F1F38D5008106D2 /* SJAvatarBrowser.m in Sources */,
				90272BE31F224382000B1DC0 /* SDCollectionViewCell.m in Sources */,
				90CF07811F1F3464008106D2 /* NSDateFormatter+Category.m in Sources */,
				A86694791F248D140097999D /* MBProgressHUD+YY.m in Sources */,
				90CF07A91F1F3955008106D2 /* StatusBarOverlay.m in Sources */,
				90272BE21F224382000B1DC0 /* TAPageControl.m in Sources */,
				90CF073C1F1F2FAE008106D2 /* BaseViewController.m in Sources */,
				90CF078E1F1F3464008106D2 /* UIView+Extension.m in Sources */,
				90CF07831F1F3464008106D2 /* NSDictionary+XHLogHelper.m in Sources */,
				90CF078C1F1F3464008106D2 /* UITextView+placeholder.m in Sources */,
				90CF07871F1F3464008106D2 /* UIColor+Extension.m in Sources */,
				A810BF471F25ECEB00B5F2D2 /* EnergyManagementViewController.m in Sources */,
				90CF078B1F1F3464008106D2 /* UITableView+Extension.m in Sources */,
				A89FBFD11F23175A001405E8 /* CalendarViewController.m in Sources */,
				90CF07891F1F3464008106D2 /* UIResponder+FirstResponder.m in Sources */,
				90CF074E1F1F313F008106D2 /* MeMainViewController.m in Sources */,
				901A081F1F20E366009488C1 /* EquipmentMainViewController.m in Sources */,
				90A2EC691F209C43008088C4 /* FirstLaunchView.m in Sources */,
				A810BF581F25F49300B5F2D2 /* YYSegmentedCollectionCell.m in Sources */,
				90CF07591F1F3300008106D2 /* BaseReachability.m in Sources */,
				90CF07AC1F1F3985008106D2 /* PersonInfo.m in Sources */,
				90CF078A1F1F3464008106D2 /* UITabBar+badge.m in Sources */,
				A89FBFCB1F23040A001405E8 /* UIButton+Category.m in Sources */,
				90CF07581F1F3300008106D2 /* BaseAFNRequest.m in Sources */,
				90CF07941F1F35B1008106D2 /* BaseLaunchConfig.m in Sources */,
				90CF07851F1F3464008106D2 /* NSString+Extension.m in Sources */,
				90272BEB1F224833000B1DC0 /* HomeModel.m in Sources */,
				A810BF511F25EE3900B5F2D2 /* EnergyConsumptionStatisticsViewController.m in Sources */,
				A810BF4B1F25EDB400B5F2D2 /* BaseTableViewController.m in Sources */,
				90272BE81F2246AE000B1DC0 /* PublicWebViewController.m in Sources */,
				90CF07AF1F1F3B14008106D2 /* LoadingViewController.m in Sources */,
				A810BF621F260A1400B5F2D2 /* LoadDatectionCell.m in Sources */,
				A89FBFD51F231A79001405E8 /* YYCalendarModel.m in Sources */,
				90CF071D1F1F2BFC008106D2 /* main.m in Sources */,
				A89FBFC51F230257001405E8 /* YYCalendarView.m in Sources */,
				A810BF5C1F26043F00B5F2D2 /* LoadDatectionHeaderView.m in Sources */,
				90CF07861F1F3464008106D2 /* UIBarButtonItem+Extension.m in Sources */,
				90CF07A51F1F38F5008106D2 /* BaseCacheHelper.m in Sources */,
				90CF078D1F1F3464008106D2 /* UIView+Border.m in Sources */,
				90CF079E1F1F375B008106D2 /* BaseHelper.m in Sources */,
				901A08261F20E3AA009488C1 /* HomeMainViewController.m in Sources */,
				90272BE51F224382000B1DC0 /* UIView+SDExtension.m in Sources */,
				90CF07881F1F3464008106D2 /* UIImage+Extension.m in Sources */,
				90CF073F1F1F304C008106D2 /* BaseNavigationViewController.m in Sources */,
				90A2EC661F208F68008088C4 /* UIImageLabel.m in Sources */,
				90CF07841F1F3464008106D2 /* NSString+Date.m in Sources */,
				901A081C1F20E32F009488C1 /* DailyMainViewController.m in Sources */,
				A8F13A781F20FD8900D04525 /* NSString+YYCategory.m in Sources */,
			);
			runOnlyForDeploymentPostprocessing = 0;
		};
/* End PBXSourcesBuildPhase section */

/* Begin PBXVariantGroup section */
		90CF07291F1F2BFC008106D2 /* LaunchScreen.storyboard */ = {
			isa = PBXVariantGroup;
			children = (
				90CF072A1F1F2BFC008106D2 /* Base */,
			);
			name = LaunchScreen.storyboard;
			sourceTree = "<group>";
		};
/* End PBXVariantGroup section */

/* Begin XCBuildConfiguration section */
		90CF072D1F1F2BFC008106D2 /* Debug */ = {
			isa = XCBuildConfiguration;
			buildSettings = {
				ALWAYS_SEARCH_USER_PATHS = NO;
				CLANG_ANALYZER_NONNULL = YES;
				CLANG_ANALYZER_NUMBER_OBJECT_CONVERSION = YES_AGGRESSIVE;
				CLANG_CXX_LANGUAGE_STANDARD = "gnu++0x";
				CLANG_CXX_LIBRARY = "libc++";
				CLANG_ENABLE_MODULES = YES;
				CLANG_ENABLE_OBJC_ARC = YES;
				CLANG_WARN_BOOL_CONVERSION = YES;
				CLANG_WARN_CONSTANT_CONVERSION = YES;
				CLANG_WARN_DIRECT_OBJC_ISA_USAGE = YES_ERROR;
				CLANG_WARN_DOCUMENTATION_COMMENTS = YES;
				CLANG_WARN_EMPTY_BODY = YES;
				CLANG_WARN_ENUM_CONVERSION = YES;
				CLANG_WARN_INFINITE_RECURSION = YES;
				CLANG_WARN_INT_CONVERSION = YES;
				CLANG_WARN_OBJC_ROOT_CLASS = YES_ERROR;
				CLANG_WARN_SUSPICIOUS_MOVE = YES;
				CLANG_WARN_UNREACHABLE_CODE = YES;
				CLANG_WARN__DUPLICATE_METHOD_MATCH = YES;
				"CODE_SIGN_IDENTITY[sdk=iphoneos*]" = "iPhone Developer";
				COPY_PHASE_STRIP = NO;
				DEBUG_INFORMATION_FORMAT = dwarf;
				ENABLE_STRICT_OBJC_MSGSEND = YES;
				ENABLE_TESTABILITY = YES;
				GCC_C_LANGUAGE_STANDARD = gnu99;
				GCC_DYNAMIC_NO_PIC = NO;
				GCC_NO_COMMON_BLOCKS = YES;
				GCC_OPTIMIZATION_LEVEL = 0;
				GCC_PREPROCESSOR_DEFINITIONS = (
					"DEBUG=1",
					"$(inherited)",
				);
				GCC_WARN_64_TO_32_BIT_CONVERSION = YES;
				GCC_WARN_ABOUT_RETURN_TYPE = YES_ERROR;
				GCC_WARN_UNDECLARED_SELECTOR = YES;
				GCC_WARN_UNINITIALIZED_AUTOS = YES_AGGRESSIVE;
				GCC_WARN_UNUSED_FUNCTION = YES;
				GCC_WARN_UNUSED_VARIABLE = YES;
				IPHONEOS_DEPLOYMENT_TARGET = 10.3;
				MTL_ENABLE_DEBUG_INFO = YES;
				ONLY_ACTIVE_ARCH = YES;
				SDKROOT = iphoneos;
			};
			name = Debug;
		};
		90CF072E1F1F2BFC008106D2 /* Release */ = {
			isa = XCBuildConfiguration;
			buildSettings = {
				ALWAYS_SEARCH_USER_PATHS = NO;
				CLANG_ANALYZER_NONNULL = YES;
				CLANG_ANALYZER_NUMBER_OBJECT_CONVERSION = YES_AGGRESSIVE;
				CLANG_CXX_LANGUAGE_STANDARD = "gnu++0x";
				CLANG_CXX_LIBRARY = "libc++";
				CLANG_ENABLE_MODULES = YES;
				CLANG_ENABLE_OBJC_ARC = YES;
				CLANG_WARN_BOOL_CONVERSION = YES;
				CLANG_WARN_CONSTANT_CONVERSION = YES;
				CLANG_WARN_DIRECT_OBJC_ISA_USAGE = YES_ERROR;
				CLANG_WARN_DOCUMENTATION_COMMENTS = YES;
				CLANG_WARN_EMPTY_BODY = YES;
				CLANG_WARN_ENUM_CONVERSION = YES;
				CLANG_WARN_INFINITE_RECURSION = YES;
				CLANG_WARN_INT_CONVERSION = YES;
				CLANG_WARN_OBJC_ROOT_CLASS = YES_ERROR;
				CLANG_WARN_SUSPICIOUS_MOVE = YES;
				CLANG_WARN_UNREACHABLE_CODE = YES;
				CLANG_WARN__DUPLICATE_METHOD_MATCH = YES;
				"CODE_SIGN_IDENTITY[sdk=iphoneos*]" = "iPhone Developer";
				COPY_PHASE_STRIP = NO;
				DEBUG_INFORMATION_FORMAT = "dwarf-with-dsym";
				ENABLE_NS_ASSERTIONS = NO;
				ENABLE_STRICT_OBJC_MSGSEND = YES;
				GCC_C_LANGUAGE_STANDARD = gnu99;
				GCC_NO_COMMON_BLOCKS = YES;
				GCC_WARN_64_TO_32_BIT_CONVERSION = YES;
				GCC_WARN_ABOUT_RETURN_TYPE = YES_ERROR;
				GCC_WARN_UNDECLARED_SELECTOR = YES;
				GCC_WARN_UNINITIALIZED_AUTOS = YES_AGGRESSIVE;
				GCC_WARN_UNUSED_FUNCTION = YES;
				GCC_WARN_UNUSED_VARIABLE = YES;
				IPHONEOS_DEPLOYMENT_TARGET = 10.3;
				MTL_ENABLE_DEBUG_INFO = NO;
				SDKROOT = iphoneos;
				VALIDATE_PRODUCT = YES;
			};
			name = Release;
		};
		90CF07301F1F2BFC008106D2 /* Debug */ = {
			isa = XCBuildConfiguration;
			baseConfigurationReference = 617F75F35450880E537C172C /* Pods.debug.xcconfig */;
			buildSettings = {
				ASSETCATALOG_COMPILER_APPICON_NAME = AppIcon;
				ASSETCATALOG_COMPILER_LAUNCHIMAGE_NAME = LaunchImage;
				CODE_SIGN_IDENTITY = "iPhone Developer: li hongfan (WPJC6UW3LZ)";
				"CODE_SIGN_IDENTITY[sdk=iphoneos*]" = "iPhone Developer: li hongfan (WPJC6UW3LZ)";
				DEVELOPMENT_TEAM = J8Y4VA83US;
				GCC_PRECOMPILE_PREFIX_HEADER = YES;
				GCC_PREFIX_HEADER = AnYiYun/Common/AnYiYun.pch;
				INFOPLIST_FILE = AnYiYun/Info.plist;
				IPHONEOS_DEPLOYMENT_TARGET = 8.0;
				LD_RUNPATH_SEARCH_PATHS = "$(inherited) @executable_path/Frameworks";
				PRODUCT_BUNDLE_IDENTIFIER = com.hearlearn.anyiyun;
				PRODUCT_NAME = "$(TARGET_NAME)";
				PROVISIONING_PROFILE = "75d07113-5458-4282-89e4-092b15ddffac";
				PROVISIONING_PROFILE_SPECIFIER = hearlearn_Development_Team;
			};
			name = Debug;
		};
		90CF07311F1F2BFC008106D2 /* Release */ = {
			isa = XCBuildConfiguration;
			baseConfigurationReference = 1B9BBA670C09FB1001076AA5 /* Pods.release.xcconfig */;
			buildSettings = {
				ASSETCATALOG_COMPILER_APPICON_NAME = AppIcon;
				ASSETCATALOG_COMPILER_LAUNCHIMAGE_NAME = LaunchImage;
				CODE_SIGN_IDENTITY = "iPhone Distribution: ShenZhen City heardlearn Co., Ltd. (J8Y4VA83US)";
				"CODE_SIGN_IDENTITY[sdk=iphoneos*]" = "iPhone Distribution: ShenZhen City heardlearn Co., Ltd. (J8Y4VA83US)";
				DEVELOPMENT_TEAM = J8Y4VA83US;
				GCC_PRECOMPILE_PREFIX_HEADER = YES;
				GCC_PREFIX_HEADER = AnYiYun/Common/AnYiYun.pch;
				INFOPLIST_FILE = AnYiYun/Info.plist;
				IPHONEOS_DEPLOYMENT_TARGET = 8.0;
				LD_RUNPATH_SEARCH_PATHS = "$(inherited) @executable_path/Frameworks";
				PRODUCT_BUNDLE_IDENTIFIER = com.hearlearn.anyiyun;
				PRODUCT_NAME = "$(TARGET_NAME)";
				PROVISIONING_PROFILE = "659dff7f-53ef-430f-859f-f1f717b28a1a";
				PROVISIONING_PROFILE_SPECIFIER = hearlearn_Distribution_Team;
			};
			name = Release;
		};
/* End XCBuildConfiguration section */

/* Begin XCConfigurationList section */
		90CF07131F1F2BFC008106D2 /* Build configuration list for PBXProject "AnYiYun" */ = {
			isa = XCConfigurationList;
			buildConfigurations = (
				90CF072D1F1F2BFC008106D2 /* Debug */,
				90CF072E1F1F2BFC008106D2 /* Release */,
			);
			defaultConfigurationIsVisible = 0;
			defaultConfigurationName = Release;
		};
		90CF072F1F1F2BFC008106D2 /* Build configuration list for PBXNativeTarget "AnYiYun" */ = {
			isa = XCConfigurationList;
			buildConfigurations = (
				90CF07301F1F2BFC008106D2 /* Debug */,
				90CF07311F1F2BFC008106D2 /* Release */,
			);
			defaultConfigurationIsVisible = 0;
			defaultConfigurationName = Release;
		};
/* End XCConfigurationList section */
	};
	rootObject = 90CF07101F1F2BFC008106D2 /* Project object */;
}
